// !$*UTF8*$!
{
	archiveVersion = 1;
	classes = {
	};
	objectVersion = 46;
	objects = {

/* Begin PBXBuildFile section */
		982FE26D16146E83005C6CD5 /* DetailView.m in Sources */ = {isa = PBXBuildFile; fileRef = 982FE26C16146E83005C6CD5 /* DetailView.m */; };
		9838686C160B99810077C817 /* QuartzCore.framework in Frameworks */ = {isa = PBXBuildFile; fileRef = 9838686B160B99810077C817 /* QuartzCore.framework */; };
		9838686E160B9ABC0077C817 /* QuartzCore.framework in Frameworks */ = {isa = PBXBuildFile; fileRef = 9838686B160B99810077C817 /* QuartzCore.framework */; };
		98386871160B9B6C0077C817 /* arrow.png in Resources */ = {isa = PBXBuildFile; fileRef = 98386870160B9B6C0077C817 /* arrow.png */; };
		983868ED160BF06F0077C817 /* PullRefreshTableViewController.m in Sources */ = {isa = PBXBuildFile; fileRef = 983868EC160BF06F0077C817 /* PullRefreshTableViewController.m */; };
		9840EE1E16153CC200D91196 /* UIImage+Helper.m in Sources */ = {isa = PBXBuildFile; fileRef = 9840EE1D16153CC200D91196 /* UIImage+Helper.m */; };
		9840EE1F16153CC200D91196 /* UIImage+Helper.m in Sources */ = {isa = PBXBuildFile; fileRef = 9840EE1D16153CC200D91196 /* UIImage+Helper.m */; };
		98620182160409EA0072CB92 /* UIKit.framework in Frameworks */ = {isa = PBXBuildFile; fileRef = 98620181160409EA0072CB92 /* UIKit.framework */; };
		98620184160409EA0072CB92 /* Foundation.framework in Frameworks */ = {isa = PBXBuildFile; fileRef = 98620183160409EA0072CB92 /* Foundation.framework */; };
		98620186160409EA0072CB92 /* CoreGraphics.framework in Frameworks */ = {isa = PBXBuildFile; fileRef = 98620185160409EA0072CB92 /* CoreGraphics.framework */; };
		9862018E160409EA0072CB92 /* main.m in Sources */ = {isa = PBXBuildFile; fileRef = 9862018D160409EA0072CB92 /* main.m */; };
		98620192160409EA0072CB92 /* AppDelegate.m in Sources */ = {isa = PBXBuildFile; fileRef = 98620191160409EA0072CB92 /* AppDelegate.m */; };
		98620194160409EA0072CB92 /* Default.png in Resources */ = {isa = PBXBuildFile; fileRef = 98620193160409EA0072CB92 /* Default.png */; };
		98620196160409EA0072CB92 /* Default@2x.png in Resources */ = {isa = PBXBuildFile; fileRef = 98620195160409EA0072CB92 /* Default@2x.png */; };
		98620198160409EA0072CB92 /* Default-568h@2x.png in Resources */ = {isa = PBXBuildFile; fileRef = 98620197160409EA0072CB92 /* Default-568h@2x.png */; };
		986F8E811608B61C00AAA7E6 /* main.m in Sources */ = {isa = PBXBuildFile; fileRef = 9862018D160409EA0072CB92 /* main.m */; };
		986F8E821608B61C00AAA7E6 /* AppDelegate.m in Sources */ = {isa = PBXBuildFile; fileRef = 98620191160409EA0072CB92 /* AppDelegate.m */; };
		986F8E871608B61C00AAA7E6 /* UIKit.framework in Frameworks */ = {isa = PBXBuildFile; fileRef = 98620181160409EA0072CB92 /* UIKit.framework */; };
		986F8E881608B61C00AAA7E6 /* Foundation.framework in Frameworks */ = {isa = PBXBuildFile; fileRef = 98620183160409EA0072CB92 /* Foundation.framework */; };
		986F8E891608B61C00AAA7E6 /* CoreGraphics.framework in Frameworks */ = {isa = PBXBuildFile; fileRef = 98620185160409EA0072CB92 /* CoreGraphics.framework */; };
		986F8E8B1608B61C00AAA7E6 /* InfoPlist.strings in Resources */ = {isa = PBXBuildFile; fileRef = 9862018A160409EA0072CB92 /* InfoPlist.strings */; };
		986F8E8C1608B61C00AAA7E6 /* Default.png in Resources */ = {isa = PBXBuildFile; fileRef = 98620193160409EA0072CB92 /* Default.png */; };
		986F8E8D1608B61C00AAA7E6 /* Default@2x.png in Resources */ = {isa = PBXBuildFile; fileRef = 98620195160409EA0072CB92 /* Default@2x.png */; };
		986F8E8E1608B61C00AAA7E6 /* Default-568h@2x.png in Resources */ = {isa = PBXBuildFile; fileRef = 98620197160409EA0072CB92 /* Default-568h@2x.png */; };
		988EEADA164AF460006BEBFE /* stock-image@2x.png in Resources */ = {isa = PBXBuildFile; fileRef = 988EEAD9164AF460006BEBFE /* stock-image@2x.png */; };
		988EEADB164AF460006BEBFE /* stock-image@2x.png in Resources */ = {isa = PBXBuildFile; fileRef = 988EEAD9164AF460006BEBFE /* stock-image@2x.png */; };
		988EEADE164AF4B6006BEBFE /* Podfile in Resources */ = {isa = PBXBuildFile; fileRef = 988EEADD164AF4B6006BEBFE /* Podfile */; };
		988EEADF164AF4B6006BEBFE /* Podfile in Resources */ = {isa = PBXBuildFile; fileRef = 988EEADD164AF4B6006BEBFE /* Podfile */; };
		988EEB2A164D9637006BEBFE /* HorizontalPanGestureDelegate.m in Sources */ = {isa = PBXBuildFile; fileRef = 988EEB29164D9637006BEBFE /* HorizontalPanGestureDelegate.m */; };
		988EEB2D164D964C006BEBFE /* VerticalPanGestureDelegate.m in Sources */ = {isa = PBXBuildFile; fileRef = 988EEB2C164D964C006BEBFE /* VerticalPanGestureDelegate.m */; };
		98AAA2CA161B5DCB0056EFCD /* TableViewController.m in Sources */ = {isa = PBXBuildFile; fileRef = 98DD0C03161269EF002E7F6D /* TableViewController.m */; };
		98AAA2CB161B5DCB0056EFCD /* TableViewCell.m in Sources */ = {isa = PBXBuildFile; fileRef = 98DD0C0C16126A3D002E7F6D /* TableViewCell.m */; };
		98AAA2CC161B5DCB0056EFCD /* DetailViewController.m in Sources */ = {isa = PBXBuildFile; fileRef = 98DD0C06161269FE002E7F6D /* DetailViewController.m */; };
		98AAA2CD161B5DCB0056EFCD /* DetailView.m in Sources */ = {isa = PBXBuildFile; fileRef = 982FE26C16146E83005C6CD5 /* DetailView.m */; };
		98AAA2CE161B5DCB0056EFCD /* ContainerViewController.m in Sources */ = {isa = PBXBuildFile; fileRef = 98DD0C0916126A08002E7F6D /* ContainerViewController.m */; };
		98AAA2D0161B5DFB0056EFCD /* stock-image.png in Resources */ = {isa = PBXBuildFile; fileRef = 98DD0C761613FC68002E7F6D /* stock-image.png */; };
		98B0716A1611687600A0F964 /* InfoPlist.strings in Resources */ = {isa = PBXBuildFile; fileRef = 9862018A160409EA0072CB92 /* InfoPlist.strings */; };
		98B0716B1611688300A0F964 /* arrow.png in Resources */ = {isa = PBXBuildFile; fileRef = 98386870160B9B6C0077C817 /* arrow.png */; };
		98B0716C1611689A00A0F964 /* PullRefreshTableViewController.m in Sources */ = {isa = PBXBuildFile; fileRef = 983868EC160BF06F0077C817 /* PullRefreshTableViewController.m */; };
		98B0717216116C3500A0F964 /* libPods.a in Frameworks */ = {isa = PBXBuildFile; fileRef = C7B8FD6DBE574C0690869AAD /* libPods.a */; };
		98B0717316116C3900A0F964 /* libPods.a in Frameworks */ = {isa = PBXBuildFile; fileRef = C7B8FD6DBE574C0690869AAD /* libPods.a */; };
		98B0717416116DCB00A0F964 /* libTestStudioExtension.a in Frameworks */ = {isa = PBXBuildFile; fileRef = 983868E7160BF0320077C817 /* libTestStudioExtension.a */; };
		98DD0C04161269EF002E7F6D /* TableViewController.m in Sources */ = {isa = PBXBuildFile; fileRef = 98DD0C03161269EF002E7F6D /* TableViewController.m */; };
		98DD0C07161269FE002E7F6D /* DetailViewController.m in Sources */ = {isa = PBXBuildFile; fileRef = 98DD0C06161269FE002E7F6D /* DetailViewController.m */; };
		98DD0C0A16126A08002E7F6D /* ContainerViewController.m in Sources */ = {isa = PBXBuildFile; fileRef = 98DD0C0916126A08002E7F6D /* ContainerViewController.m */; };
		98DD0C0D16126A3D002E7F6D /* TableViewCell.m in Sources */ = {isa = PBXBuildFile; fileRef = 98DD0C0C16126A3D002E7F6D /* TableViewCell.m */; };
		98DD0C771613FC68002E7F6D /* stock-image.png in Resources */ = {isa = PBXBuildFile; fileRef = 98DD0C761613FC68002E7F6D /* stock-image.png */; };
		98DF5E7816430530001E8CE3 /* UIViewController+StackViewController.m in Sources */ = {isa = PBXBuildFile; fileRef = 98DF5E7716430530001E8CE3 /* UIViewController+StackViewController.m */; };
/* End PBXBuildFile section */

/* Begin PBXFileReference section */
		982FE26B16146E83005C6CD5 /* DetailView.h */ = {isa = PBXFileReference; fileEncoding = 4; lastKnownFileType = sourcecode.c.h; name = DetailView.h; path = DetailView/DetailView.h; sourceTree = "<group>"; };
		982FE26C16146E83005C6CD5 /* DetailView.m */ = {isa = PBXFileReference; fileEncoding = 4; lastKnownFileType = sourcecode.c.objc; name = DetailView.m; path = DetailView/DetailView.m; sourceTree = "<group>"; };
		9838686B160B99810077C817 /* QuartzCore.framework */ = {isa = PBXFileReference; includeInIndex = 1; lastKnownFileType = wrapper.framework; name = QuartzCore.framework; path = System/Library/Frameworks/QuartzCore.framework; sourceTree = SDKROOT; };
		98386870160B9B6C0077C817 /* arrow.png */ = {isa = PBXFileReference; lastKnownFileType = image.png; name = arrow.png; path = Assets/arrow.png; sourceTree = "<group>"; };
		983868E5160BEFD80077C817 /* FenuQA-Info.plist */ = {isa = PBXFileReference; fileEncoding = 4; lastKnownFileType = text.plist.xml; path = "FenuQA-Info.plist"; sourceTree = "<group>"; };
		983868E7160BF0320077C817 /* libTestStudioExtension.a */ = {isa = PBXFileReference; lastKnownFileType = archive.ar; name = libTestStudioExtension.a; path = "Third Party/TestStudio/libTestStudioExtension.a"; sourceTree = "<group>"; };
		983868EB160BF06F0077C817 /* PullRefreshTableViewController.h */ = {isa = PBXFileReference; fileEncoding = 4; lastKnownFileType = sourcecode.c.h; name = PullRefreshTableViewController.h; path = "Third Party/PullRefreshTableViewController/PullRefreshTableViewController.h"; sourceTree = "<group>"; };
		983868EC160BF06F0077C817 /* PullRefreshTableViewController.m */ = {isa = PBXFileReference; fileEncoding = 4; lastKnownFileType = sourcecode.c.objc; name = PullRefreshTableViewController.m; path = "Third Party/PullRefreshTableViewController/PullRefreshTableViewController.m"; sourceTree = "<group>"; };
		9840EE1C16153CC200D91196 /* UIImage+Helper.h */ = {isa = PBXFileReference; fileEncoding = 4; lastKnownFileType = sourcecode.c.h; path = "UIImage+Helper.h"; sourceTree = "<group>"; };
		9840EE1D16153CC200D91196 /* UIImage+Helper.m */ = {isa = PBXFileReference; fileEncoding = 4; lastKnownFileType = sourcecode.c.objc; path = "UIImage+Helper.m"; sourceTree = "<group>"; };
		9862017D160409EA0072CB92 /* Fenu.app */ = {isa = PBXFileReference; explicitFileType = wrapper.application; includeInIndex = 0; path = Fenu.app; sourceTree = BUILT_PRODUCTS_DIR; };
		98620181160409EA0072CB92 /* UIKit.framework */ = {isa = PBXFileReference; includeInIndex = 1; lastKnownFileType = wrapper.framework; name = UIKit.framework; path = System/Library/Frameworks/UIKit.framework; sourceTree = SDKROOT; };
		98620183160409EA0072CB92 /* Foundation.framework */ = {isa = PBXFileReference; includeInIndex = 1; lastKnownFileType = wrapper.framework; name = Foundation.framework; path = System/Library/Frameworks/Foundation.framework; sourceTree = SDKROOT; };
		98620185160409EA0072CB92 /* CoreGraphics.framework */ = {isa = PBXFileReference; includeInIndex = 1; lastKnownFileType = wrapper.framework; name = CoreGraphics.framework; path = System/Library/Frameworks/CoreGraphics.framework; sourceTree = SDKROOT; };
		98620189160409EA0072CB92 /* Fenu-Info.plist */ = {isa = PBXFileReference; lastKnownFileType = text.plist.xml; path = "Fenu-Info.plist"; sourceTree = "<group>"; };
		9862018B160409EA0072CB92 /* en */ = {isa = PBXFileReference; lastKnownFileType = text.plist.strings; name = en; path = en.lproj/InfoPlist.strings; sourceTree = "<group>"; };
		9862018D160409EA0072CB92 /* main.m */ = {isa = PBXFileReference; lastKnownFileType = sourcecode.c.objc; path = main.m; sourceTree = "<group>"; };
		9862018F160409EA0072CB92 /* Fenu-Prefix.pch */ = {isa = PBXFileReference; lastKnownFileType = sourcecode.c.h; path = "Fenu-Prefix.pch"; sourceTree = "<group>"; };
		98620190160409EA0072CB92 /* AppDelegate.h */ = {isa = PBXFileReference; lastKnownFileType = sourcecode.c.h; path = AppDelegate.h; sourceTree = "<group>"; };
		98620191160409EA0072CB92 /* AppDelegate.m */ = {isa = PBXFileReference; lastKnownFileType = sourcecode.c.objc; path = AppDelegate.m; sourceTree = "<group>"; };
		98620193160409EA0072CB92 /* Default.png */ = {isa = PBXFileReference; lastKnownFileType = image.png; path = Default.png; sourceTree = "<group>"; };
		98620195160409EA0072CB92 /* Default@2x.png */ = {isa = PBXFileReference; lastKnownFileType = image.png; path = "Default@2x.png"; sourceTree = "<group>"; };
		98620197160409EA0072CB92 /* Default-568h@2x.png */ = {isa = PBXFileReference; lastKnownFileType = image.png; path = "Default-568h@2x.png"; sourceTree = "<group>"; };
		986F8E921608B61C00AAA7E6 /* FenuQA.app */ = {isa = PBXFileReference; explicitFileType = wrapper.application; includeInIndex = 0; path = FenuQA.app; sourceTree = BUILT_PRODUCTS_DIR; };
		988EEAD9164AF460006BEBFE /* stock-image@2x.png */ = {isa = PBXFileReference; lastKnownFileType = image.png; name = "stock-image@2x.png"; path = "Assets/stock-image@2x.png"; sourceTree = "<group>"; };
		988EEADD164AF4B6006BEBFE /* Podfile */ = {isa = PBXFileReference; fileEncoding = 4; lastKnownFileType = text; path = Podfile; sourceTree = "<group>"; };
		988EEB28164D9637006BEBFE /* HorizontalPanGestureDelegate.h */ = {isa = PBXFileReference; fileEncoding = 4; lastKnownFileType = sourcecode.c.h; name = HorizontalPanGestureDelegate.h; path = Delegates/HorizontalPanGestureDelegate.h; sourceTree = "<group>"; };
		988EEB29164D9637006BEBFE /* HorizontalPanGestureDelegate.m */ = {isa = PBXFileReference; fileEncoding = 4; lastKnownFileType = sourcecode.c.objc; name = HorizontalPanGestureDelegate.m; path = Delegates/HorizontalPanGestureDelegate.m; sourceTree = "<group>"; };
		988EEB2B164D964C006BEBFE /* VerticalPanGestureDelegate.h */ = {isa = PBXFileReference; fileEncoding = 4; lastKnownFileType = sourcecode.c.h; name = VerticalPanGestureDelegate.h; path = Delegates/VerticalPanGestureDelegate.h; sourceTree = "<group>"; };
		988EEB2C164D964C006BEBFE /* VerticalPanGestureDelegate.m */ = {isa = PBXFileReference; fileEncoding = 4; lastKnownFileType = sourcecode.c.objc; name = VerticalPanGestureDelegate.m; path = Delegates/VerticalPanGestureDelegate.m; sourceTree = "<group>"; };
		98DD0C02161269EF002E7F6D /* TableViewController.h */ = {isa = PBXFileReference; fileEncoding = 4; lastKnownFileType = sourcecode.c.h; name = TableViewController.h; path = TableView/TableViewController.h; sourceTree = "<group>"; };
		98DD0C03161269EF002E7F6D /* TableViewController.m */ = {isa = PBXFileReference; fileEncoding = 4; lastKnownFileType = sourcecode.c.objc; name = TableViewController.m; path = TableView/TableViewController.m; sourceTree = "<group>"; };
		98DD0C05161269FE002E7F6D /* DetailViewController.h */ = {isa = PBXFileReference; fileEncoding = 4; lastKnownFileType = sourcecode.c.h; name = DetailViewController.h; path = DetailView/DetailViewController.h; sourceTree = "<group>"; };
		98DD0C06161269FE002E7F6D /* DetailViewController.m */ = {isa = PBXFileReference; fileEncoding = 4; lastKnownFileType = sourcecode.c.objc; name = DetailViewController.m; path = DetailView/DetailViewController.m; sourceTree = "<group>"; };
		98DD0C0816126A08002E7F6D /* ContainerViewController.h */ = {isa = PBXFileReference; fileEncoding = 4; lastKnownFileType = sourcecode.c.h; name = ContainerViewController.h; path = ContainerView/ContainerViewController.h; sourceTree = "<group>"; };
		98DD0C0916126A08002E7F6D /* ContainerViewController.m */ = {isa = PBXFileReference; fileEncoding = 4; lastKnownFileType = sourcecode.c.objc; name = ContainerViewController.m; path = ContainerView/ContainerViewController.m; sourceTree = "<group>"; };
		98DD0C0B16126A3D002E7F6D /* TableViewCell.h */ = {isa = PBXFileReference; fileEncoding = 4; lastKnownFileType = sourcecode.c.h; name = TableViewCell.h; path = TableView/TableViewCell.h; sourceTree = "<group>"; };
		98DD0C0C16126A3D002E7F6D /* TableViewCell.m */ = {isa = PBXFileReference; fileEncoding = 4; lastKnownFileType = sourcecode.c.objc; name = TableViewCell.m; path = TableView/TableViewCell.m; sourceTree = "<group>"; };
		98DD0C761613FC68002E7F6D /* stock-image.png */ = {isa = PBXFileReference; lastKnownFileType = image.png; name = "stock-image.png"; path = "Assets/stock-image.png"; sourceTree = "<group>"; };
		98DF5E7616430530001E8CE3 /* UIViewController+StackViewController.h */ = {isa = PBXFileReference; fileEncoding = 4; lastKnownFileType = sourcecode.c.h; name = "UIViewController+StackViewController.h"; path = "ContainerView/UIViewController+StackViewController.h"; sourceTree = "<group>"; };
		98DF5E7716430530001E8CE3 /* UIViewController+StackViewController.m */ = {isa = PBXFileReference; fileEncoding = 4; lastKnownFileType = sourcecode.c.objc; name = "UIViewController+StackViewController.m"; path = "ContainerView/UIViewController+StackViewController.m"; sourceTree = "<group>"; };
		C7B8FD6DBE574C0690869AAD /* libPods.a */ = {isa = PBXFileReference; explicitFileType = archive.ar; includeInIndex = 0; path = libPods.a; sourceTree = BUILT_PRODUCTS_DIR; };
		F279119F91A3406C9D2A4734 /* Pods.xcconfig */ = {isa = PBXFileReference; includeInIndex = 1; lastKnownFileType = text.xcconfig; name = Pods.xcconfig; path = Pods/Pods.xcconfig; sourceTree = SOURCE_ROOT; };
/* End PBXFileReference section */

/* Begin PBXFrameworksBuildPhase section */
		9862017A160409EA0072CB92 /* Frameworks */ = {
			isa = PBXFrameworksBuildPhase;
			buildActionMask = 2147483647;
			files = (
				9838686E160B9ABC0077C817 /* QuartzCore.framework in Frameworks */,
				98620182160409EA0072CB92 /* UIKit.framework in Frameworks */,
				98620184160409EA0072CB92 /* Foundation.framework in Frameworks */,
				98620186160409EA0072CB92 /* CoreGraphics.framework in Frameworks */,
				98B0717216116C3500A0F964 /* libPods.a in Frameworks */,
			);
			runOnlyForDeploymentPostprocessing = 0;
		};
		986F8E861608B61C00AAA7E6 /* Frameworks */ = {
			isa = PBXFrameworksBuildPhase;
			buildActionMask = 2147483647;
			files = (
				9838686C160B99810077C817 /* QuartzCore.framework in Frameworks */,
				986F8E871608B61C00AAA7E6 /* UIKit.framework in Frameworks */,
				986F8E881608B61C00AAA7E6 /* Foundation.framework in Frameworks */,
				986F8E891608B61C00AAA7E6 /* CoreGraphics.framework in Frameworks */,
				98B0717316116C3900A0F964 /* libPods.a in Frameworks */,
				98B0717416116DCB00A0F964 /* libTestStudioExtension.a in Frameworks */,
			);
			runOnlyForDeploymentPostprocessing = 0;
		};
/* End PBXFrameworksBuildPhase section */

/* Begin PBXGroup section */
		98386866160B97410077C817 /* Third Party */ = {
			isa = PBXGroup;
			children = (
				983868EA160BF0560077C817 /* TestStudio */,
				983868E9160BF0450077C817 /* PullRefreshTableViewController */,
			);
			name = "Third Party";
			sourceTree = "<group>";
		};
		9838686F160B9B5C0077C817 /* Assets */ = {
			isa = PBXGroup;
			children = (
				988EEAD9164AF460006BEBFE /* stock-image@2x.png */,
				98DD0C761613FC68002E7F6D /* stock-image.png */,
				98386870160B9B6C0077C817 /* arrow.png */,
			);
			name = Assets;
			sourceTree = "<group>";
		};
		983868E9160BF0450077C817 /* PullRefreshTableViewController */ = {
			isa = PBXGroup;
			children = (
				983868EB160BF06F0077C817 /* PullRefreshTableViewController.h */,
				983868EC160BF06F0077C817 /* PullRefreshTableViewController.m */,
			);
			name = PullRefreshTableViewController;
			sourceTree = "<group>";
		};
		983868EA160BF0560077C817 /* TestStudio */ = {
			isa = PBXGroup;
			children = (
				983868E7160BF0320077C817 /* libTestStudioExtension.a */,
			);
			name = TestStudio;
			sourceTree = "<group>";
		};
		9840EE1A16153C8300D91196 /* Categories */ = {
			isa = PBXGroup;
			children = (
				9840EE1C16153CC200D91196 /* UIImage+Helper.h */,
				9840EE1D16153CC200D91196 /* UIImage+Helper.m */,
			);
			name = Categories;
			sourceTree = "<group>";
		};
		98620172160409EA0072CB92 = {
			isa = PBXGroup;
			children = (
				98620187160409EA0072CB92 /* Fenu */,
				98620180160409EA0072CB92 /* Frameworks */,
				9862017E160409EA0072CB92 /* Products */,
				F279119F91A3406C9D2A4734 /* Pods.xcconfig */,
				988EEADD164AF4B6006BEBFE /* Podfile */,
			);
			sourceTree = "<group>";
			usesTabs = 0;
		};
		9862017E160409EA0072CB92 /* Products */ = {
			isa = PBXGroup;
			children = (
				9862017D160409EA0072CB92 /* Fenu.app */,
				986F8E921608B61C00AAA7E6 /* FenuQA.app */,
			);
			name = Products;
			sourceTree = "<group>";
		};
		98620180160409EA0072CB92 /* Frameworks */ = {
			isa = PBXGroup;
			children = (
				9838686B160B99810077C817 /* QuartzCore.framework */,
				98620181160409EA0072CB92 /* UIKit.framework */,
				98620183160409EA0072CB92 /* Foundation.framework */,
				98620185160409EA0072CB92 /* CoreGraphics.framework */,
				C7B8FD6DBE574C0690869AAD /* libPods.a */,
			);
			name = Frameworks;
			sourceTree = "<group>";
		};
		98620187160409EA0072CB92 /* Fenu */ = {
			isa = PBXGroup;
			children = (
				988EEB26164D95EA006BEBFE /* Delegates */,
				9840EE1A16153C8300D91196 /* Categories */,
				98DD0C01161269DB002E7F6D /* TableViewController */,
				98DD0C00161269D3002E7F6D /* DetailViewController */,
				98DD0BFF161269C7002E7F6D /* ContainerViewController */,
				98386866160B97410077C817 /* Third Party */,
				98620190160409EA0072CB92 /* AppDelegate.h */,
				98620191160409EA0072CB92 /* AppDelegate.m */,
				98620188160409EA0072CB92 /* Supporting Files */,
			);
			path = Fenu;
			sourceTree = "<group>";
		};
		98620188160409EA0072CB92 /* Supporting Files */ = {
			isa = PBXGroup;
			children = (
				9838686F160B9B5C0077C817 /* Assets */,
				983868E5160BEFD80077C817 /* FenuQA-Info.plist */,
				98620189160409EA0072CB92 /* Fenu-Info.plist */,
				9862018A160409EA0072CB92 /* InfoPlist.strings */,
				9862018D160409EA0072CB92 /* main.m */,
				9862018F160409EA0072CB92 /* Fenu-Prefix.pch */,
				98620193160409EA0072CB92 /* Default.png */,
				98620195160409EA0072CB92 /* Default@2x.png */,
				98620197160409EA0072CB92 /* Default-568h@2x.png */,
			);
			name = "Supporting Files";
			sourceTree = "<group>";
		};
		988EEB26164D95EA006BEBFE /* Delegates */ = {
			isa = PBXGroup;
			children = (
				988EEB28164D9637006BEBFE /* HorizontalPanGestureDelegate.h */,
				988EEB29164D9637006BEBFE /* HorizontalPanGestureDelegate.m */,
				988EEB2B164D964C006BEBFE /* VerticalPanGestureDelegate.h */,
				988EEB2C164D964C006BEBFE /* VerticalPanGestureDelegate.m */,
			);
			name = Delegates;
			sourceTree = "<group>";
		};
		98DD0BFF161269C7002E7F6D /* ContainerViewController */ = {
			isa = PBXGroup;
			children = (
				98DD0C0816126A08002E7F6D /* ContainerViewController.h */,
				98DD0C0916126A08002E7F6D /* ContainerViewController.m */,
				98DF5E7616430530001E8CE3 /* UIViewController+StackViewController.h */,
				98DF5E7716430530001E8CE3 /* UIViewController+StackViewController.m */,
			);
			name = ContainerViewController;
			sourceTree = "<group>";
		};
		98DD0C00161269D3002E7F6D /* DetailViewController */ = {
			isa = PBXGroup;
			children = (
				98DD0C05161269FE002E7F6D /* DetailViewController.h */,
				98DD0C06161269FE002E7F6D /* DetailViewController.m */,
				982FE26B16146E83005C6CD5 /* DetailView.h */,
				982FE26C16146E83005C6CD5 /* DetailView.m */,
			);
			name = DetailViewController;
			sourceTree = "<group>";
		};
		98DD0C01161269DB002E7F6D /* TableViewController */ = {
			isa = PBXGroup;
			children = (
				98DD0C02161269EF002E7F6D /* TableViewController.h */,
				98DD0C03161269EF002E7F6D /* TableViewController.m */,
				98DD0C0B16126A3D002E7F6D /* TableViewCell.h */,
				98DD0C0C16126A3D002E7F6D /* TableViewCell.m */,
			);
			name = TableViewController;
			sourceTree = "<group>";
		};
/* End PBXGroup section */

/* Begin PBXNativeTarget section */
		9862017C160409EA0072CB92 /* Fenu */ = {
			isa = PBXNativeTarget;
			buildConfigurationList = 9862019B160409EA0072CB92 /* Build configuration list for PBXNativeTarget "Fenu" */;
			buildPhases = (
				98620179160409EA0072CB92 /* Sources */,
				9862017A160409EA0072CB92 /* Frameworks */,
				9862017B160409EA0072CB92 /* Resources */,
				FB5284533BF845568036B304 /* Copy Pods Resources */,
				980924AD161223F900BE554C /* ShellScript */,
			);
			buildRules = (
			);
			dependencies = (
			);
			name = Fenu;
			productName = Fenu;
			productReference = 9862017D160409EA0072CB92 /* Fenu.app */;
			productType = "com.apple.product-type.application";
		};
		986F8E7F1608B61C00AAA7E6 /* FenuQA */ = {
			isa = PBXNativeTarget;
			buildConfigurationList = 986F8E8F1608B61C00AAA7E6 /* Build configuration list for PBXNativeTarget "FenuQA" */;
			buildPhases = (
				986F8E801608B61C00AAA7E6 /* Sources */,
				986F8E861608B61C00AAA7E6 /* Frameworks */,
				986F8E8A1608B61C00AAA7E6 /* Resources */,
			);
			buildRules = (
			);
			dependencies = (
			);
			name = FenuQA;
			productName = Fenu;
			productReference = 986F8E921608B61C00AAA7E6 /* FenuQA.app */;
			productType = "com.apple.product-type.application";
		};
/* End PBXNativeTarget section */

/* Begin PBXProject section */
		98620174160409EA0072CB92 /* Project object */ = {
			isa = PBXProject;
			attributes = {
				LastUpgradeCheck = 0450;
				ORGANIZATIONNAME = "Justin C. Beck";
			};
			buildConfigurationList = 98620177160409EA0072CB92 /* Build configuration list for PBXProject "Fenu" */;
			compatibilityVersion = "Xcode 3.2";
			developmentRegion = English;
			hasScannedForEncodings = 0;
			knownRegions = (
				en,
			);
			mainGroup = 98620172160409EA0072CB92;
			productRefGroup = 9862017E160409EA0072CB92 /* Products */;
			projectDirPath = "";
			projectRoot = "";
			targets = (
				9862017C160409EA0072CB92 /* Fenu */,
				986F8E7F1608B61C00AAA7E6 /* FenuQA */,
			);
		};
/* End PBXProject section */

/* Begin PBXResourcesBuildPhase section */
		9862017B160409EA0072CB92 /* Resources */ = {
			isa = PBXResourcesBuildPhase;
			buildActionMask = 2147483647;
			files = (
				98B0716A1611687600A0F964 /* InfoPlist.strings in Resources */,
				98620194160409EA0072CB92 /* Default.png in Resources */,
				98620196160409EA0072CB92 /* Default@2x.png in Resources */,
				98620198160409EA0072CB92 /* Default-568h@2x.png in Resources */,
				98386871160B9B6C0077C817 /* arrow.png in Resources */,
				98DD0C771613FC68002E7F6D /* stock-image.png in Resources */,
				988EEADA164AF460006BEBFE /* stock-image@2x.png in Resources */,
				988EEADE164AF4B6006BEBFE /* Podfile in Resources */,
			);
			runOnlyForDeploymentPostprocessing = 0;
		};
		986F8E8A1608B61C00AAA7E6 /* Resources */ = {
			isa = PBXResourcesBuildPhase;
			buildActionMask = 2147483647;
			files = (
				98AAA2D0161B5DFB0056EFCD /* stock-image.png in Resources */,
				986F8E8B1608B61C00AAA7E6 /* InfoPlist.strings in Resources */,
				986F8E8C1608B61C00AAA7E6 /* Default.png in Resources */,
				986F8E8D1608B61C00AAA7E6 /* Default@2x.png in Resources */,
				986F8E8E1608B61C00AAA7E6 /* Default-568h@2x.png in Resources */,
				98B0716B1611688300A0F964 /* arrow.png in Resources */,
				988EEADB164AF460006BEBFE /* stock-image@2x.png in Resources */,
				988EEADF164AF4B6006BEBFE /* Podfile in Resources */,
			);
			runOnlyForDeploymentPostprocessing = 0;
		};
/* End PBXResourcesBuildPhase section */

/* Begin PBXShellScriptBuildPhase section */
		980924AD161223F900BE554C /* ShellScript */ = {
			isa = PBXShellScriptBuildPhase;
			buildActionMask = 2147483647;
			files = (
			);
			inputPaths = (
			);
			outputPaths = (
			);
			runOnlyForDeploymentPostprocessing = 0;
			shellPath = /bin/sh;
			shellScript = "env > /Users/jbeck/Desktop/foo.txt";
		};
		FB5284533BF845568036B304 /* Copy Pods Resources */ = {
			isa = PBXShellScriptBuildPhase;
			buildActionMask = 2147483647;
			files = (
			);
			inputPaths = (
			);
			name = "Copy Pods Resources";
			outputPaths = (
			);
			runOnlyForDeploymentPostprocessing = 0;
			shellPath = /bin/sh;
			shellScript = "\"${SRCROOT}/Pods/Pods-resources.sh\"\n";
		};
/* End PBXShellScriptBuildPhase section */

/* Begin PBXSourcesBuildPhase section */
		98620179160409EA0072CB92 /* Sources */ = {
			isa = PBXSourcesBuildPhase;
			buildActionMask = 2147483647;
			files = (
				9862018E160409EA0072CB92 /* main.m in Sources */,
				98620192160409EA0072CB92 /* AppDelegate.m in Sources */,
				983868ED160BF06F0077C817 /* PullRefreshTableViewController.m in Sources */,
				98DD0C04161269EF002E7F6D /* TableViewController.m in Sources */,
				98DD0C07161269FE002E7F6D /* DetailViewController.m in Sources */,
				98DD0C0A16126A08002E7F6D /* ContainerViewController.m in Sources */,
				98DD0C0D16126A3D002E7F6D /* TableViewCell.m in Sources */,
				982FE26D16146E83005C6CD5 /* DetailView.m in Sources */,
				9840EE1E16153CC200D91196 /* UIImage+Helper.m in Sources */,
				98DF5E7816430530001E8CE3 /* UIViewController+StackViewController.m in Sources */,
				988EEB2A164D9637006BEBFE /* HorizontalPanGestureDelegate.m in Sources */,
				988EEB2D164D964C006BEBFE /* VerticalPanGestureDelegate.m in Sources */,
			);
			runOnlyForDeploymentPostprocessing = 0;
		};
		986F8E801608B61C00AAA7E6 /* Sources */ = {
			isa = PBXSourcesBuildPhase;
			buildActionMask = 2147483647;
			files = (
				98AAA2CA161B5DCB0056EFCD /* TableViewController.m in Sources */,
				98AAA2CB161B5DCB0056EFCD /* TableViewCell.m in Sources */,
				98AAA2CC161B5DCB0056EFCD /* DetailViewController.m in Sources */,
				98AAA2CD161B5DCB0056EFCD /* DetailView.m in Sources */,
				98AAA2CE161B5DCB0056EFCD /* ContainerViewController.m in Sources */,
				986F8E811608B61C00AAA7E6 /* main.m in Sources */,
				986F8E821608B61C00AAA7E6 /* AppDelegate.m in Sources */,
				98B0716C1611689A00A0F964 /* PullRefreshTableViewController.m in Sources */,
				9840EE1F16153CC200D91196 /* UIImage+Helper.m in Sources */,
			);
			runOnlyForDeploymentPostprocessing = 0;
		};
/* End PBXSourcesBuildPhase section */

/* Begin PBXVariantGroup section */
		9862018A160409EA0072CB92 /* InfoPlist.strings */ = {
			isa = PBXVariantGroup;
			children = (
				9862018B160409EA0072CB92 /* en */,
			);
			name = InfoPlist.strings;
			sourceTree = "<group>";
		};
/* End PBXVariantGroup section */

/* Begin XCBuildConfiguration section */
		98620199160409EA0072CB92 /* Debug */ = {
			isa = XCBuildConfiguration;
			buildSettings = {
				ALWAYS_SEARCH_USER_PATHS = NO;
				CLANG_CXX_LANGUAGE_STANDARD = "gnu++0x";
				CLANG_CXX_LIBRARY = "libc++";
				CLANG_ENABLE_OBJC_ARC = YES;
				CLANG_WARN_EMPTY_BODY = YES;
				CLANG_WARN__DUPLICATE_METHOD_MATCH = YES;
				"CODE_SIGN_IDENTITY[sdk=iphoneos*]" = "iPhone Developer";
				COPY_PHASE_STRIP = NO;
				GCC_C_LANGUAGE_STANDARD = gnu99;
				GCC_DYNAMIC_NO_PIC = NO;
				GCC_OPTIMIZATION_LEVEL = 0;
				GCC_PREPROCESSOR_DEFINITIONS = (
					"DEBUG=1",
					"$(inherited)",
				);
				GCC_SYMBOLS_PRIVATE_EXTERN = NO;
				GCC_WARN_ABOUT_RETURN_TYPE = YES;
				GCC_WARN_UNINITIALIZED_AUTOS = YES;
				GCC_WARN_UNUSED_VARIABLE = YES;
				IPHONEOS_DEPLOYMENT_TARGET = 5.0;
				"PROVISIONING_PROFILE[sdk=iphoneos*]" = "";
				SDKROOT = iphoneos;
			};
			name = Debug;
		};
		9862019A160409EA0072CB92 /* Release */ = {
			isa = XCBuildConfiguration;
			buildSettings = {
				ALWAYS_SEARCH_USER_PATHS = NO;
				CLANG_CXX_LANGUAGE_STANDARD = "gnu++0x";
				CLANG_CXX_LIBRARY = "libc++";
				CLANG_ENABLE_OBJC_ARC = YES;
				CLANG_WARN_EMPTY_BODY = YES;
				CLANG_WARN__DUPLICATE_METHOD_MATCH = YES;
				"CODE_SIGN_IDENTITY[sdk=iphoneos*]" = "iPhone Developer";
				COPY_PHASE_STRIP = YES;
				GCC_C_LANGUAGE_STANDARD = gnu99;
				GCC_WARN_ABOUT_RETURN_TYPE = YES;
				GCC_WARN_UNINITIALIZED_AUTOS = YES;
				GCC_WARN_UNUSED_VARIABLE = YES;
				IPHONEOS_DEPLOYMENT_TARGET = 5.0;
				OTHER_CFLAGS = "-DNS_BLOCK_ASSERTIONS=1";
				SDKROOT = iphoneos;
				VALIDATE_PRODUCT = YES;
			};
			name = Release;
		};
		9862019C160409EA0072CB92 /* Debug */ = {
			isa = XCBuildConfiguration;
			baseConfigurationReference = F279119F91A3406C9D2A4734 /* Pods.xcconfig */;
			buildSettings = {
				GCC_PRECOMPILE_PREFIX_HEADER = YES;
				GCC_PREFIX_HEADER = "Fenu/Fenu-Prefix.pch";
				INFOPLIST_FILE = "Fenu/Fenu-Info.plist";
				LIBRARY_SEARCH_PATHS = (
					"$(inherited)",
					"\"$(SRCROOT)/Fenu/Third Party/TestStudio\"",
				);
				PRODUCT_NAME = "$(TARGET_NAME)";
				WRAPPER_EXTENSION = app;
			};
			name = Debug;
		};
		9862019D160409EA0072CB92 /* Release */ = {
			isa = XCBuildConfiguration;
			baseConfigurationReference = F279119F91A3406C9D2A4734 /* Pods.xcconfig */;
			buildSettings = {
				GCC_PRECOMPILE_PREFIX_HEADER = YES;
				GCC_PREFIX_HEADER = "Fenu/Fenu-Prefix.pch";
				INFOPLIST_FILE = "Fenu/Fenu-Info.plist";
				LIBRARY_SEARCH_PATHS = (
					"$(inherited)",
					"\"$(SRCROOT)/Fenu/Third Party/TestStudio\"",
				);
				PRODUCT_NAME = "$(TARGET_NAME)";
				WRAPPER_EXTENSION = app;
			};
			name = Release;
		};
		986F8E901608B61C00AAA7E6 /* Debug */ = {
			isa = XCBuildConfiguration;
			baseConfigurationReference = F279119F91A3406C9D2A4734 /* Pods.xcconfig */;
			buildSettings = {
				ARCHS = "$(ARCHS_STANDARD_32_BIT)";
				GCC_PRECOMPILE_PREFIX_HEADER = YES;
				GCC_PREFIX_HEADER = "Fenu/Fenu-Prefix.pch";
				INFOPLIST_FILE = "$(SRCROOT)/Fenu/FenuQA-Info.plist";
				LIBRARY_SEARCH_PATHS = (
					"$(inherited)",
					"\"$(SRCROOT)\"",
					"\"$(SRCROOT)/Fenu\"",
					"\"$(SRCROOT)/Fenu/Third Party/TestStudio\"",
				);
				OTHER_LDFLAGS = (
					"-force_load",
					"\"/Users/jbeck/workspace/personal/Fenu/Fenu/Third Party/TestStudio/libTestStudioExtension.a\"",
				);
				PRODUCT_NAME = FenuQA;
				VALID_ARCHS = armv7;
				WRAPPER_EXTENSION = app;
			};
			name = Debug;
		};
		986F8E911608B61C00AAA7E6 /* Release */ = {
			isa = XCBuildConfiguration;
			baseConfigurationReference = F279119F91A3406C9D2A4734 /* Pods.xcconfig */;
			buildSettings = {
				ARCHS = "$(ARCHS_STANDARD_32_BIT)";
				GCC_PRECOMPILE_PREFIX_HEADER = YES;
				GCC_PREFIX_HEADER = "Fenu/Fenu-Prefix.pch";
				INFOPLIST_FILE = "$(SRCROOT)/Fenu/FenuQA-Info.plist";
				LIBRARY_SEARCH_PATHS = (
					"$(inherited)",
					"\"$(SRCROOT)\"",
					"\"$(SRCROOT)/Fenu\"",
					"\"$(SRCROOT)/Fenu/Third Party/TestStudio\"",
				);
				OTHER_LDFLAGS = (
					"-force_load",
					"\"/Users/jbeck/workspace/personal/Fenu/Fenu/Third Party/TestStudio/libTestStudioExtension.a\"",
				);
				PRODUCT_NAME = FenuQA;
				VALID_ARCHS = armv7;
				WRAPPER_EXTENSION = app;
			};
			name = Release;
		};
/* End XCBuildConfiguration section */

/* Begin XCConfigurationList section */
		98620177160409EA0072CB92 /* Build configuration list for PBXProject "Fenu" */ = {
			isa = XCConfigurationList;
			buildConfigurations = (
				98620199160409EA0072CB92 /* Debug */,
				9862019A160409EA0072CB92 /* Release */,
			);
			defaultConfigurationIsVisible = 0;
			defaultConfigurationName = Release;
		};
		9862019B160409EA0072CB92 /* Build configuration list for PBXNativeTarget "Fenu" */ = {
			isa = XCConfigurationList;
			buildConfigurations = (
				9862019C160409EA0072CB92 /* Debug */,
				9862019D160409EA0072CB92 /* Release */,
			);
			defaultConfigurationIsVisible = 0;
			defaultConfigurationName = Release;
		};
		986F8E8F1608B61C00AAA7E6 /* Build configuration list for PBXNativeTarget "FenuQA" */ = {
			isa = XCConfigurationList;
			buildConfigurations = (
				986F8E901608B61C00AAA7E6 /* Debug */,
				986F8E911608B61C00AAA7E6 /* Release */,
			);
			defaultConfigurationIsVisible = 0;
			defaultConfigurationName = Release;
		};
/* End XCConfigurationList section */
	};
	rootObject = 98620174160409EA0072CB92 /* Project object */;
}
